
Microsoft Visual Studio Solution File, Format Version 12.00
# Visual Studio Version 17
VisualStudioVersion = 17.7.34202.233
MinimumVisualStudioVersion = 10.0.40219.1
Project("{9A19103F-16F7-4668-BE54-9A1E7A4F7556}") = "terentevalexandrKt-31-20", "terentevalexandrKt-31-20.csproj", "{EF15DB16-2216-41F8-B84B-DAA017AD9E25}"
EndProject
Project("{FAE04EC0-301F-11D3-BF4B-00C04F79EFBC}") = "terentevalexandrKt-31-20.Tests", "..\terentevalexandrKt-31-20.Tests\terentevalexandrKt-31-20.Tests.csproj", "{8FF749DE-D553-4130-987F-87FE05C8CCCB}"
EndProject
Global
	GlobalSection(SolutionConfigurationPlatforms) = preSolution
		Debug|Any CPU = Debug|Any CPU
		Release|Any CPU = Release|Any CPU
	EndGlobalSection
	GlobalSection(ProjectConfigurationPlatforms) = postSolution
		{EF15DB16-2216-41F8-B84B-DAA017AD9E25}.Debug|Any CPU.ActiveCfg = Debug|Any CPU
		{EF15DB16-2216-41F8-B84B-DAA017AD9E25}.Debug|Any CPU.Build.0 = Debug|Any CPU
		{EF15DB16-2216-41F8-B84B-DAA017AD9E25}.Release|Any CPU.ActiveCfg = Release|Any CPU
		{EF15DB16-2216-41F8-B84B-DAA017AD9E25}.Release|Any CPU.Build.0 = Release|Any CPU
		{8FF749DE-D553-4130-987F-87FE05C8CCCB}.Debug|Any CPU.ActiveCfg = Debug|Any CPU
		{8FF749DE-D553-4130-987F-87FE05C8CCCB}.Debug|Any CPU.Build.0 = Debug|Any CPU
		{8FF749DE-D553-4130-987F-87FE05C8CCCB}.Release|Any CPU.ActiveCfg = Release|Any CPU
		{8FF749DE-D553-4130-987F-87FE05C8CCCB}.Release|Any CPU.Build.0 = Release|Any CPU
	EndGlobalSection
	GlobalSection(SolutionProperties) = preSolution
		HideSolutionNode = FALSE
	EndGlobalSection
	GlobalSection(ExtensibilityGlobals) = postSolution
		SolutionGuid = {05541D76-91EE-4821-9859-4A0F0A339EF6}
	EndGlobalSection
EndGlobal
